#MicroXplorer Configuration settings - do not modify
Mcu.Family=STM32F4
ProjectManager.MainLocation=Src
ProjectManager.ProjectFileName=EmbeddedTest.ioc
RCC.CortexFreq_Value=16000000
PG7.Locked=true
PG6.Signal=GPIO_Output
PG7.Signal=GPIO_Output
ProjectManager.KeepUserCode=true
Mcu.UserName=STM32F427IIHx
PE11.GPIOParameters=GPIO_Label
Mcu.PinsNb=12
ProjectManager.NoMain=false
PG3.Signal=GPIO_Output
PG2.Signal=GPIO_Output
PG5.Locked=true
PG1.Signal=GPIO_Output
PE11.GPIO_Label=LedRed
PG8.Signal=GPIO_Output
PG5.Signal=GPIO_Output
PG4.Signal=GPIO_Output
PG8.Locked=true
PG6.Locked=true
PG4.Locked=true
RCC.PLLCLKFreq_Value=96000000
PG2.Locked=true
PG3.Locked=true
PG1.Locked=true
PG6.GPIO_Label=LedC
RCC.PLLQCLKFreq_Value=48000000
PG3.GPIOParameters=GPIO_Label
ProjectManager.functionlistsort=1-MX_GPIO_Init-GPIO-false-HAL-true,2-SystemClock_Config-RCC-false-HAL-false
RCC.RTCFreq_Value=32000
ProjectManager.DefaultFWLocation=true
PB2/BOOT1.GPIOParameters=GPIO_Label
RCC.VCOSAIOutputFreq_ValueQ=12250000
PF14.GPIO_Label=LedGreen
ProjectManager.DeletePrevious=true
PG5.GPIO_Label=LedD
PG2.GPIOParameters=GPIO_Label
PinOutPanel.RotationAngle=0
PinOutPanel.CurrentBGAView=Top
RCC.FamilyName=M
ProjectManager.StackSize=0x400
PG8.GPIO_Label=LedA
NVIC.SVCall_IRQn=true\:0\:0\:false\:false\:true\:false\:false
Mcu.IP2=SYS
Mcu.IP0=NVIC
Mcu.IP1=RCC
PB2/BOOT1.Signal=GPIO_Input
Mcu.UserConstants=
ProjectManager.TargetToolchain=SW4STM32
Mcu.ThirdPartyNb=0
Mcu.IPNb=3
RCC.I2SClocksFreq_Value=96000000
ProjectManager.PreviousToolchain=SW4STM32
PB2/BOOT1.GPIO_Label=Btn
RCC.VcooutputI2S=96000000
PG8.GPIOParameters=GPIO_Label
RCC.VcooutputI2SQ=96000000
Mcu.Pin6=PG2
Mcu.Pin7=PB2/BOOT1
ProjectManager.RegisterCallBack=
Mcu.Pin8=PG1
Mcu.Pin9=PE11
RCC.VCOSAIOutputFreq_Value=49000000
PE11.Signal=GPIO_Output
RCC.LSE_VALUE=32768
RCC.AHBFreq_Value=16000000
Mcu.Pin0=PG8
Mcu.Pin1=PG7
GPIO.groupedBy=
Mcu.Pin2=PG6
Mcu.Pin3=PG5
Mcu.Pin4=PG4
RCC.VCOI2SOutputFreq_Value=192000000
PG6.GPIOParameters=GPIO_Label
Mcu.Pin5=PG3
ProjectManager.ProjectBuild=false
RCC.HSE_VALUE=25000000
NVIC.UsageFault_IRQn=true\:0\:0\:false\:false\:true\:false\:false
NVIC.DebugMonitor_IRQn=true\:0\:0\:false\:false\:true\:false\:false
board=custom
RCC.VCOOutputFreq_Value=192000000
PG1.GPIO_Label=LedH
NVIC.SysTick_IRQn=true\:0\:0\:false\:false\:true\:false\:true
ProjectManager.LastFirmware=true
PF14.GPIOParameters=GPIO_Label
PG1.GPIOParameters=GPIO_Label
ProjectManager.FirmwarePackage=STM32Cube FW_F4 V1.25.1
MxDb.Version=DB.6.0.0
RCC.APB2Freq_Value=16000000
ProjectManager.BackupPrevious=false
MxCube.Version=6.0.1
RCC.VCOInputFreq_Value=1000000
PG4.GPIOParameters=GPIO_Label
PG7.GPIO_Label=LedB
File.Version=6
PG4.GPIO_Label=LedE
VP_SYS_VS_Systick.Mode=SysTick
NVIC.NonMaskableInt_IRQn=true\:0\:0\:false\:false\:true\:false\:false
PF14.Locked=true
NVIC.PendSV_IRQn=true\:0\:0\:false\:false\:true\:false\:false
ProjectManager.FreePins=false
RCC.IPParameters=AHBFreq_Value,APB1Freq_Value,APB2Freq_Value,CortexFreq_Value,FamilyName,HSE_VALUE,HSI_VALUE,I2SClocksFreq_Value,LSE_VALUE,LSI_VALUE,PLLCLKFreq_Value,PLLQCLKFreq_Value,RTCFreq_Value,RTCHSEDivFreq_Value,SYSCLKFreq_VALUE,VCOI2SOutputFreq_Value,VCOInputFreq_Value,VCOOutputFreq_Value,VCOSAIOutputFreq_Value,VCOSAIOutputFreq_ValueQ,VcooutputI2S,VcooutputI2SQ
PE11.Locked=true
ProjectManager.AskForMigrate=true
Mcu.Name=STM32F427I(G-I)Hx
ProjectManager.HalAssertFull=false
RCC.RTCHSEDivFreq_Value=12500000
ProjectManager.ProjectName=EmbeddedTest
ProjectManager.UnderRoot=true
ProjectManager.CoupleFile=false
RCC.SYSCLKFreq_VALUE=16000000
Mcu.Package=UFBGA176
NVIC.ForceEnableDMAVector=true
KeepUserPlacement=false
PG5.GPIOParameters=GPIO_Label
NVIC.MemoryManagement_IRQn=true\:0\:0\:false\:false\:true\:false\:false
ProjectManager.CompilerOptimize=6
ProjectManager.ToolChainLocation=
RCC.LSI_VALUE=32000
VP_SYS_VS_Systick.Signal=SYS_VS_Systick
ProjectManager.HeapSize=0x200
NVIC.HardFault_IRQn=true\:0\:0\:false\:false\:true\:false\:false
ProjectManager.ComputerToolchain=false
RCC.HSI_VALUE=16000000
NVIC.PriorityGroup=NVIC_PRIORITYGROUP_4
Mcu.Pin11=VP_SYS_VS_Systick
Mcu.Pin10=PF14
PB2/BOOT1.Locked=true
PF14.Signal=GPIO_Output
NVIC.BusFault_IRQn=true\:0\:0\:false\:false\:true\:false\:false
PG3.GPIO_Label=LedF
RCC.APB1Freq_Value=16000000
ProjectManager.CustomerFirmwarePackage=
ProjectManager.DeviceId=STM32F427IIHx
PG7.GPIOParameters=GPIO_Label
ProjectManager.LibraryCopy=1
PG2.GPIO_Label=LedG
